
Microsoft Visual Studio Solution File, Format Version 12.00
# Visual Studio Version 16
VisualStudioVersion = 16.0.32510.428
MinimumVisualStudioVersion = 10.0.40219.1
Project("{FAE04EC0-301F-11D3-BF4B-00C04F79EFBC}") = "AspNetCoreTemplate", "AspNetCoreTemplate\AspNetCoreTemplate.csproj", "{4CBF3E89-454C-48F7-9305-F2794741E65A}"
EndProject
Project("{FAE04EC0-301F-11D3-BF4B-00C04F79EFBC}") = "Entities", "Entities\Entities.csproj", "{10A49D3D-C306-4885-BFFA-4DA57D8699A9}"
EndProject
Global
	GlobalSection(SolutionConfigurationPlatforms) = preSolution
		Debug|Any CPU = Debug|Any CPU
		Release|Any CPU = Release|Any CPU
	EndGlobalSection
	GlobalSection(ProjectConfigurationPlatforms) = postSolution
		{4CBF3E89-454C-48F7-9305-F2794741E65A}.Debug|Any CPU.ActiveCfg = Debug|Any CPU
		{4CBF3E89-454C-48F7-9305-F2794741E65A}.Debug|Any CPU.Build.0 = Debug|Any CPU
		{4CBF3E89-454C-48F7-9305-F2794741E65A}.Release|Any CPU.ActiveCfg = Release|Any CPU
		{4CBF3E89-454C-48F7-9305-F2794741E65A}.Release|Any CPU.Build.0 = Release|Any CPU
		{10A49D3D-C306-4885-BFFA-4DA57D8699A9}.Debug|Any CPU.ActiveCfg = Debug|Any CPU
		{10A49D3D-C306-4885-BFFA-4DA57D8699A9}.Debug|Any CPU.Build.0 = Debug|Any CPU
		{10A49D3D-C306-4885-BFFA-4DA57D8699A9}.Release|Any CPU.ActiveCfg = Release|Any CPU
		{10A49D3D-C306-4885-BFFA-4DA57D8699A9}.Release|Any CPU.Build.0 = Release|Any CPU
	EndGlobalSection
	GlobalSection(SolutionProperties) = preSolution
		HideSolutionNode = FALSE
	EndGlobalSection
	GlobalSection(ExtensibilityGlobals) = postSolution
		SolutionGuid = {04E38086-B8EB-4A86-9BA3-B3D186D64CCB}
	EndGlobalSection
EndGlobal
